
Microsoft Visual Studio Solution File, Format Version 12.00
# Visual Studio 15
VisualStudioVersion = 15.0.27130.2020
MinimumVisualStudioVersion = 10.0.40219.1
Project("{FAE04EC0-301F-11D3-BF4B-00C04F79EFBC}") = "TruckManager", "TruckManager\TruckManager.csproj", "{08C39784-1022-42A0-B1C2-A6BD768CE40C}"
EndProject
Project("{FAE04EC0-301F-11D3-BF4B-00C04F79EFBC}") = "TruckLib", "TruckLib\TruckLib.csproj", "{C36ED74D-B78E-42B0-AE4C-59257F2C36DF}"
EndProject
Global
	GlobalSection(SolutionConfigurationPlatforms) = preSolution
		Debug|Any CPU = Debug|Any CPU
		Release|Any CPU = Release|Any CPU
	EndGlobalSection
	GlobalSection(ProjectConfigurationPlatforms) = postSolution
		{08C39784-1022-42A0-B1C2-A6BD768CE40C}.Debug|Any CPU.ActiveCfg = Debug|Any CPU
		{08C39784-1022-42A0-B1C2-A6BD768CE40C}.Debug|Any CPU.Build.0 = Debug|Any CPU
		{08C39784-1022-42A0-B1C2-A6BD768CE40C}.Release|Any CPU.ActiveCfg = Release|Any CPU
		{08C39784-1022-42A0-B1C2-A6BD768CE40C}.Release|Any CPU.Build.0 = Release|Any CPU
		{C36ED74D-B78E-42B0-AE4C-59257F2C36DF}.Debug|Any CPU.ActiveCfg = Debug|Any CPU
		{C36ED74D-B78E-42B0-AE4C-59257F2C36DF}.Debug|Any CPU.Build.0 = Debug|Any CPU
		{C36ED74D-B78E-42B0-AE4C-59257F2C36DF}.Release|Any CPU.ActiveCfg = Release|Any CPU
		{C36ED74D-B78E-42B0-AE4C-59257F2C36DF}.Release|Any CPU.Build.0 = Release|Any CPU
	EndGlobalSection
	GlobalSection(SolutionProperties) = preSolution
		HideSolutionNode = FALSE
	EndGlobalSection
	GlobalSection(ExtensibilityGlobals) = postSolution
		SolutionGuid = {49EE4226-1BA8-45E1-8DDF-BF06CD4498AE}
	EndGlobalSection
EndGlobal
